{
  "name": "@tang/tang",
  "version": "0.0.1",
  "lockfileVersion": 1,
  "requires": true,
  "dependencies": {
    "@types/js-yaml": {
      "version": "4.0.0",
      "resolved": "https://registry.npm.taobao.org/@types/js-yaml/download/@types/js-yaml-4.0.0.tgz?cache=0&sync_timestamp=1613379511211&other_urls=https%3A%2F%2Fregistry.npm.taobao.org%2F%40types%2Fjs-yaml%2Fdownload%2F%40types%2Fjs-yaml-4.0.0.tgz",
      "integrity": "sha1-0aEWiBEgkfLHEWdN86ZeovR7Xfs=",
      "dev": true
    },
    "argparse": {
      "version": "2.0.1",
      "resolved": "https://registry.npm.taobao.org/argparse/download/argparse-2.0.1.tgz",
      "integrity": "sha1-JG9Q88p4oyQPbJl+ipvR6sSeSzg="
    },
    "js-yaml": {
      "version": "4.0.0",
      "resolved": "https://registry.npm.taobao.org/js-yaml/download/js-yaml-4.0.0.tgz?cache=0&sync_timestamp=1609680165698&other_urls=https%3A%2F%2Fregistry.npm.taobao.org%2Fjs-yaml%2Fdownload%2Fjs-yaml-4.0.0.tgz",
      "integrity": "sha1-9Ca8D/S0BRkmzViMcRExg0CaEh8=",
      "requires": {
        "argparse": "^2.0.1"
      }
    }
  }
}
