{
  "name": "@tang/core",
  "version": "0.0.1",
  "lockfileVersion": 1,
  "requires": true,
  "dependencies": {
    "@tang/common": {
      "version": "0.0.1"
    },
    "@types/fs-extra": {
      "version": "9.0.8",
      "resolved": "https://registry.npm.taobao.org/@types/fs-extra/download/@types/fs-extra-9.0.8.tgz?cache=0&sync_timestamp=1614591217966&other_urls=https%3A%2F%2Fregistry.npm.taobao.org%2F%40types%2Ffs-extra%2Fdownload%2F%40types%2Ffs-extra-9.0.8.tgz",
      "integrity": "sha1-MsPAfd+MqlAg+EtfZaSEcFGfeLo=",
      "dev": true,
      "requires": {
        "@types/node": "*"
      }
    },
    "@types/js-yaml": {
      "version": "4.0.0",
      "resolved": "https://registry.npm.taobao.org/@types/js-yaml/download/@types/js-yaml-4.0.0.tgz?cache=0&sync_timestamp=1613379511211&other_urls=https%3A%2F%2Fregistry.npm.taobao.org%2F%40types%2Fjs-yaml%2Fdownload%2F%40types%2Fjs-yaml-4.0.0.tgz",
      "integrity": "sha1-0aEWiBEgkfLHEWdN86ZeovR7Xfs=",
      "dev": true
    },
    "@types/node": {
      "version": "14.14.33",
      "resolved": "https://registry.npm.taobao.org/@types/node/download/@types/node-14.14.33.tgz?cache=0&sync_timestamp=1615307117627&other_urls=https%3A%2F%2Fregistry.npm.taobao.org%2F%40types%2Fnode%2Fdownload%2F%40types%2Fnode-14.14.33.tgz",
      "integrity": "sha1-nk+MZDRVIuToznezNKiqpk4rbHg=",
      "dev": true
    },
    "@types/node-fetch": {
      "version": "2.5.8",
      "resolved": "https://registry.npm.taobao.org/@types/node-fetch/download/@types/node-fetch-2.5.8.tgz?cache=0&sync_timestamp=1613379898039&other_urls=https%3A%2F%2Fregistry.npm.taobao.org%2F%40types%2Fnode-fetch%2Fdownload%2F%40types%2Fnode-fetch-2.5.8.tgz",
      "integrity": "sha1-4ZnINdI0x+sIRvZhgBLlWFRO4vs=",
      "dev": true,
      "requires": {
        "@types/node": "*",
        "form-data": "^3.0.0"
      }
    },
    "argparse": {
      "version": "2.0.1",
      "resolved": "https://registry.npm.taobao.org/argparse/download/argparse-2.0.1.tgz",
      "integrity": "sha1-JG9Q88p4oyQPbJl+ipvR6sSeSzg="
    },
    "asynckit": {
      "version": "0.4.0",
      "resolved": "https://registry.npm.taobao.org/asynckit/download/asynckit-0.4.0.tgz",
      "integrity": "sha1-x57Zf380y48robyXkLzDZkdLS3k=",
      "dev": true
    },
    "at-least-node": {
      "version": "1.0.0",
      "resolved": "https://registry.npm.taobao.org/at-least-node/download/at-least-node-1.0.0.tgz",
      "integrity": "sha1-YCzUtG6EStTv/JKoARo8RuAjjcI=",
      "dev": true
    },
    "combined-stream": {
      "version": "1.0.8",
      "resolved": "https://registry.npm.taobao.org/combined-stream/download/combined-stream-1.0.8.tgz",
      "integrity": "sha1-w9RaizT9cwYxoRCoolIGgrMdWn8=",
      "dev": true,
      "requires": {
        "delayed-stream": "~1.0.0"
      }
    },
    "delayed-stream": {
      "version": "1.0.0",
      "resolved": "https://registry.npm.taobao.org/delayed-stream/download/delayed-stream-1.0.0.tgz",
      "integrity": "sha1-3zrhmayt+31ECqrgsp4icrJOxhk=",
      "dev": true
    },
    "form-data": {
      "version": "3.0.1",
      "resolved": "https://registry.npm.taobao.org/form-data/download/form-data-3.0.1.tgz",
      "integrity": "sha1-69U3kbeDVqma+aMA1CgsTV65dV8=",
      "dev": true,
      "requires": {
        "asynckit": "^0.4.0",
        "combined-stream": "^1.0.8",
        "mime-types": "^2.1.12"
      }
    },
    "fs-extra": {
      "version": "9.1.0",
      "resolved": "https://registry.npm.taobao.org/fs-extra/download/fs-extra-9.1.0.tgz?cache=0&sync_timestamp=1611075413359&other_urls=https%3A%2F%2Fregistry.npm.taobao.org%2Ffs-extra%2Fdownload%2Ffs-extra-9.1.0.tgz",
      "integrity": "sha1-WVRGDHZKjaIJS6NVS/g55rmnyG0=",
      "dev": true,
      "requires": {
        "at-least-node": "^1.0.0",
        "graceful-fs": "^4.2.0",
        "jsonfile": "^6.0.1",
        "universalify": "^2.0.0"
      }
    },
    "graceful-fs": {
      "version": "4.2.6",
      "resolved": "https://registry.npm.taobao.org/graceful-fs/download/graceful-fs-4.2.6.tgz",
      "integrity": "sha1-/wQLKwhTsjw9MQJ1I3BvGIXXa+4=",
      "dev": true
    },
    "isomorphic-unfetch": {
      "version": "3.1.0",
      "resolved": "https://registry.npm.taobao.org/isomorphic-unfetch/download/isomorphic-unfetch-3.1.0.tgz",
      "integrity": "sha1-hzQdX097Y4Q9RoQ4Eoywh7fD6Y8=",
      "requires": {
        "node-fetch": "^2.6.1",
        "unfetch": "^4.2.0"
      }
    },
    "js-yaml": {
      "version": "4.0.0",
      "resolved": "https://registry.npm.taobao.org/js-yaml/download/js-yaml-4.0.0.tgz?cache=0&sync_timestamp=1609680165698&other_urls=https%3A%2F%2Fregistry.npm.taobao.org%2Fjs-yaml%2Fdownload%2Fjs-yaml-4.0.0.tgz",
      "integrity": "sha1-9Ca8D/S0BRkmzViMcRExg0CaEh8=",
      "requires": {
        "argparse": "^2.0.1"
      }
    },
    "jsonfile": {
      "version": "6.1.0",
      "resolved": "https://registry.npm.taobao.org/jsonfile/download/jsonfile-6.1.0.tgz?cache=0&sync_timestamp=1604161917513&other_urls=https%3A%2F%2Fregistry.npm.taobao.org%2Fjsonfile%2Fdownload%2Fjsonfile-6.1.0.tgz",
      "integrity": "sha1-vFWyY0eTxnnsZAMJTrE2mKbsCq4=",
      "dev": true,
      "requires": {
        "graceful-fs": "^4.1.6",
        "universalify": "^2.0.0"
      }
    },
    "mime-db": {
      "version": "1.46.0",
      "resolved": "https://registry.npm.taobao.org/mime-db/download/mime-db-1.46.0.tgz?cache=0&sync_timestamp=1613194697983&other_urls=https%3A%2F%2Fregistry.npm.taobao.org%2Fmime-db%2Fdownload%2Fmime-db-1.46.0.tgz",
      "integrity": "sha1-Ymd0in95lZTePLyM3pHe80lmHO4=",
      "dev": true
    },
    "mime-types": {
      "version": "2.1.29",
      "resolved": "https://registry.npm.taobao.org/mime-types/download/mime-types-2.1.29.tgz?cache=0&sync_timestamp=1613608475804&other_urls=https%3A%2F%2Fregistry.npm.taobao.org%2Fmime-types%2Fdownload%2Fmime-types-2.1.29.tgz",
      "integrity": "sha1-HUq3faZLkfX3JInfKSNlY3VLsbI=",
      "dev": true,
      "requires": {
        "mime-db": "1.46.0"
      }
    },
    "node-fetch": {
      "version": "2.6.1",
      "resolved": "https://registry.npm.taobao.org/node-fetch/download/node-fetch-2.6.1.tgz?cache=0&sync_timestamp=1599309119313&other_urls=https%3A%2F%2Fregistry.npm.taobao.org%2Fnode-fetch%2Fdownload%2Fnode-fetch-2.6.1.tgz",
      "integrity": "sha1-BFvTI2Mfdu0uK1VXM5RBa2OaAFI="
    },
    "unfetch": {
      "version": "4.2.0",
      "resolved": "https://registry.npm.taobao.org/unfetch/download/unfetch-4.2.0.tgz",
      "integrity": "sha1-fiGw7302PY2a8PuSmlVV9u+Xo74="
    },
    "universalify": {
      "version": "2.0.0",
      "resolved": "https://registry.npm.taobao.org/universalify/download/universalify-2.0.0.tgz?cache=0&sync_timestamp=1603180004159&other_urls=https%3A%2F%2Fregistry.npm.taobao.org%2Funiversalify%2Fdownload%2Funiversalify-2.0.0.tgz",
      "integrity": "sha1-daSYTv7cSwiXXFrrc/Uw0C3yVxc=",
      "dev": true
    }
  }
}
